
Microsoft Visual Studio Solution File, Format Version 12.00
# Visual Studio Version 17
VisualStudioVersion = 17.14.36301.6
MinimumVisualStudioVersion = 10.0.40219.1
Project("{FAE04EC0-301F-11D3-BF4B-00C04F79EFBC}") = "DVLD_FINAL", "DVLD_FINAL.csproj", "{09221C5E-BBED-48AF-B5EC-016ACB84EC81}"
EndProject
Project("{FAE04EC0-301F-11D3-BF4B-00C04F79EFBC}") = "DVLD_BuisnessLayer", "..\DVLD_BuisnessLayer\DVLD_BuisnessLayer.csproj", "{8BB02588-4FF9-4117-8292-17EDA25EC141}"
EndProject
Project("{FAE04EC0-301F-11D3-BF4B-00C04F79EFBC}") = "DVLD_DataAccessLayerLastVersion", "..\DVLD_DataAccessLayerLastVersion\DVLD_DataAccessLayerLastVersion.csproj", "{B4C106F5-9708-4572-B69A-03D4DF768458}"
EndProject
Global
	GlobalSection(SolutionConfigurationPlatforms) = preSolution
		Debug|Any CPU = Debug|Any CPU
		Release|Any CPU = Release|Any CPU
	EndGlobalSection
	GlobalSection(ProjectConfigurationPlatforms) = postSolution
		{09221C5E-BBED-48AF-B5EC-016ACB84EC81}.Debug|Any CPU.ActiveCfg = Debug|Any CPU
		{09221C5E-BBED-48AF-B5EC-016ACB84EC81}.Debug|Any CPU.Build.0 = Debug|Any CPU
		{09221C5E-BBED-48AF-B5EC-016ACB84EC81}.Release|Any CPU.ActiveCfg = Release|Any CPU
		{09221C5E-BBED-48AF-B5EC-016ACB84EC81}.Release|Any CPU.Build.0 = Release|Any CPU
		{8BB02588-4FF9-4117-8292-17EDA25EC141}.Debug|Any CPU.ActiveCfg = Debug|Any CPU
		{8BB02588-4FF9-4117-8292-17EDA25EC141}.Debug|Any CPU.Build.0 = Debug|Any CPU
		{8BB02588-4FF9-4117-8292-17EDA25EC141}.Release|Any CPU.ActiveCfg = Release|Any CPU
		{8BB02588-4FF9-4117-8292-17EDA25EC141}.Release|Any CPU.Build.0 = Release|Any CPU
		{B4C106F5-9708-4572-B69A-03D4DF768458}.Debug|Any CPU.ActiveCfg = Debug|Any CPU
		{B4C106F5-9708-4572-B69A-03D4DF768458}.Debug|Any CPU.Build.0 = Debug|Any CPU
		{B4C106F5-9708-4572-B69A-03D4DF768458}.Release|Any CPU.ActiveCfg = Release|Any CPU
		{B4C106F5-9708-4572-B69A-03D4DF768458}.Release|Any CPU.Build.0 = Release|Any CPU
	EndGlobalSection
	GlobalSection(SolutionProperties) = preSolution
		HideSolutionNode = FALSE
	EndGlobalSection
	GlobalSection(ExtensibilityGlobals) = postSolution
		SolutionGuid = {C35CD29E-E787-4098-BCCF-2B15DD6DD7F9}
	EndGlobalSection
EndGlobal
